
Microsoft Visual Studio Solution File, Format Version 12.00
# Visual Studio Version 16
VisualStudioVersion = 16.0.30114.105
MinimumVisualStudioVersion = 10.0.40219.1
Project("{2150E333-8FDC-42A3-9474-1A3956D46DE8}") = "src", "src", "{FF7CFA78-0DAA-4DA5-B5C6-49E32CC5C3F8}"
EndProject
Project("{2150E333-8FDC-42A3-9474-1A3956D46DE8}") = "Services", "Services", "{31606575-58E0-4D1B-8ADE-3D0318598967}"
EndProject
Project("{FAE04EC0-301F-11D3-BF4B-00C04F79EFBC}") = "ECommerce.API", "src\Services\ECommerce.API\ECommerce.API.csproj", "{34862BB0-34CB-485F-8CC5-B508E8D5EC47}"
EndProject
Global
	GlobalSection(SolutionConfigurationPlatforms) = preSolution
		Debug|Any CPU = Debug|Any CPU
		Release|Any CPU = Release|Any CPU
	EndGlobalSection
	GlobalSection(SolutionProperties) = preSolution
		HideSolutionNode = FALSE
	EndGlobalSection
	GlobalSection(ProjectConfigurationPlatforms) = postSolution
		{34862BB0-34CB-485F-8CC5-B508E8D5EC47}.Debug|Any CPU.ActiveCfg = Debug|Any CPU
		{34862BB0-34CB-485F-8CC5-B508E8D5EC47}.Debug|Any CPU.Build.0 = Debug|Any CPU
		{34862BB0-34CB-485F-8CC5-B508E8D5EC47}.Release|Any CPU.ActiveCfg = Release|Any CPU
		{34862BB0-34CB-485F-8CC5-B508E8D5EC47}.Release|Any CPU.Build.0 = Release|Any CPU
	EndGlobalSection
	GlobalSection(NestedProjects) = preSolution
		{31606575-58E0-4D1B-8ADE-3D0318598967} = {FF7CFA78-0DAA-4DA5-B5C6-49E32CC5C3F8}
		{34862BB0-34CB-485F-8CC5-B508E8D5EC47} = {31606575-58E0-4D1B-8ADE-3D0318598967}
	EndGlobalSection
EndGlobal
